// !$*UTF8*$!
{
	archiveVersion = 1;
	classes = {
	};
	objectVersion = 50;
	objects = {

/* Begin PBXBuildFile section */
		7FDF095C1F857010D36B66FC /* Pods_data.framework in Frameworks */ = {isa = PBXBuildFile; fileRef = 90450E31E701AFEFE9353252 /* Pods_data.framework */; };
		84EFAA612242BBDA00652771 /* data.framework in Frameworks */ = {isa = PBXBuildFile; fileRef = 84EFAA572242BBDA00652771 /* data.framework */; };
		84EFAA662242BBDA00652771 /* dataTests.swift in Sources */ = {isa = PBXBuildFile; fileRef = 84EFAA652242BBDA00652771 /* dataTests.swift */; };
		84EFAA682242BBDA00652771 /* data.h in Headers */ = {isa = PBXBuildFile; fileRef = 84EFAA5A2242BBDA00652771 /* data.h */; settings = {ATTRIBUTES = (Public, ); }; };
		84EFAA732242BCC100652771 /* APIClient.swift in Sources */ = {isa = PBXBuildFile; fileRef = 84EFAA722242BCC100652771 /* APIClient.swift */; };
		84EFAA752242BCD600652771 /* CharactersTarget.swift in Sources */ = {isa = PBXBuildFile; fileRef = 84EFAA742242BCD600652771 /* CharactersTarget.swift */; };
		84EFAA772242BCE500652771 /* BaseTargetType.swift in Sources */ = {isa = PBXBuildFile; fileRef = 84EFAA762242BCE500652771 /* BaseTargetType.swift */; };
		84EFAA7A2242BD0E00652771 /* CharacterAPI.swift in Sources */ = {isa = PBXBuildFile; fileRef = 84EFAA792242BD0E00652771 /* CharacterAPI.swift */; };
		84EFAA7D2242BD2500652771 /* CharactersRepository.swift in Sources */ = {isa = PBXBuildFile; fileRef = 84EFAA7C2242BD2500652771 /* CharactersRepository.swift */; };
/* End PBXBuildFile section */

/* Begin PBXContainerItemProxy section */
		84EFAA622242BBDA00652771 /* PBXContainerItemProxy */ = {
			isa = PBXContainerItemProxy;
			containerPortal = 84EFAA4E2242BBDA00652771 /* Project object */;
			proxyType = 1;
			remoteGlobalIDString = 84EFAA562242BBDA00652771;
			remoteInfo = data;
		};
/* End PBXContainerItemProxy section */

/* Begin PBXFileReference section */
		4F23488B20C2B4254C7AAE09 /* Pods-data.release.xcconfig */ = {isa = PBXFileReference; includeInIndex = 1; lastKnownFileType = text.xcconfig; name = "Pods-data.release.xcconfig"; path = "../Pods/Target Support Files/Pods-data/Pods-data.release.xcconfig"; sourceTree = "<group>"; };
		84EFAA572242BBDA00652771 /* data.framework */ = {isa = PBXFileReference; explicitFileType = wrapper.framework; includeInIndex = 0; path = data.framework; sourceTree = BUILT_PRODUCTS_DIR; };
		84EFAA5A2242BBDA00652771 /* data.h */ = {isa = PBXFileReference; lastKnownFileType = sourcecode.c.h; path = data.h; sourceTree = "<group>"; };
		84EFAA5B2242BBDA00652771 /* Info.plist */ = {isa = PBXFileReference; lastKnownFileType = text.plist.xml; path = Info.plist; sourceTree = "<group>"; };
		84EFAA602242BBDA00652771 /* dataTests.xctest */ = {isa = PBXFileReference; explicitFileType = wrapper.cfbundle; includeInIndex = 0; path = dataTests.xctest; sourceTree = BUILT_PRODUCTS_DIR; };
		84EFAA652242BBDA00652771 /* dataTests.swift */ = {isa = PBXFileReference; lastKnownFileType = sourcecode.swift; path = dataTests.swift; sourceTree = "<group>"; };
		84EFAA672242BBDA00652771 /* Info.plist */ = {isa = PBXFileReference; lastKnownFileType = text.plist.xml; path = Info.plist; sourceTree = "<group>"; };
		84EFAA722242BCC100652771 /* APIClient.swift */ = {isa = PBXFileReference; lastKnownFileType = sourcecode.swift; path = APIClient.swift; sourceTree = "<group>"; };
		84EFAA742242BCD600652771 /* CharactersTarget.swift */ = {isa = PBXFileReference; lastKnownFileType = sourcecode.swift; path = CharactersTarget.swift; sourceTree = "<group>"; };
		84EFAA762242BCE500652771 /* BaseTargetType.swift */ = {isa = PBXFileReference; lastKnownFileType = sourcecode.swift; path = BaseTargetType.swift; sourceTree = "<group>"; };
		84EFAA792242BD0E00652771 /* CharacterAPI.swift */ = {isa = PBXFileReference; lastKnownFileType = sourcecode.swift; path = CharacterAPI.swift; sourceTree = "<group>"; };
		84EFAA7C2242BD2500652771 /* CharactersRepository.swift */ = {isa = PBXFileReference; lastKnownFileType = sourcecode.swift; path = CharactersRepository.swift; sourceTree = "<group>"; };
		90450E31E701AFEFE9353252 /* Pods_data.framework */ = {isa = PBXFileReference; explicitFileType = wrapper.framework; includeInIndex = 0; path = Pods_data.framework; sourceTree = BUILT_PRODUCTS_DIR; };
		DDBD2A8376035398B4358234 /* Pods-data.debug.xcconfig */ = {isa = PBXFileReference; includeInIndex = 1; lastKnownFileType = text.xcconfig; name = "Pods-data.debug.xcconfig"; path = "../Pods/Target Support Files/Pods-data/Pods-data.debug.xcconfig"; sourceTree = "<group>"; };
/* End PBXFileReference section */

/* Begin PBXFrameworksBuildPhase section */
		84EFAA542242BBDA00652771 /* Frameworks */ = {
			isa = PBXFrameworksBuildPhase;
			buildActionMask = 2147483647;
			files = (
				7FDF095C1F857010D36B66FC /* Pods_data.framework in Frameworks */,
			);
			runOnlyForDeploymentPostprocessing = 0;
		};
		84EFAA5D2242BBDA00652771 /* Frameworks */ = {
			isa = PBXFrameworksBuildPhase;
			buildActionMask = 2147483647;
			files = (
				84EFAA612242BBDA00652771 /* data.framework in Frameworks */,
			);
			runOnlyForDeploymentPostprocessing = 0;
		};
/* End PBXFrameworksBuildPhase section */

/* Begin PBXGroup section */
		196AD2B70FB984F2814C5E38 /* Pods */ = {
			isa = PBXGroup;
			children = (
				DDBD2A8376035398B4358234 /* Pods-data.debug.xcconfig */,
				4F23488B20C2B4254C7AAE09 /* Pods-data.release.xcconfig */,
			);
			name = Pods;
			sourceTree = "<group>";
		};
		84EFAA4D2242BBDA00652771 = {
			isa = PBXGroup;
			children = (
				84EFAA592242BBDA00652771 /* data */,
				84EFAA642242BBDA00652771 /* dataTests */,
				84EFAA582242BBDA00652771 /* Products */,
				196AD2B70FB984F2814C5E38 /* Pods */,
				91BAF96F43CE2093DAA0121D /* Frameworks */,
			);
			sourceTree = "<group>";
		};
		84EFAA582242BBDA00652771 /* Products */ = {
			isa = PBXGroup;
			children = (
				84EFAA572242BBDA00652771 /* data.framework */,
				84EFAA602242BBDA00652771 /* dataTests.xctest */,
			);
			name = Products;
			sourceTree = "<group>";
		};
		84EFAA592242BBDA00652771 /* data */ = {
			isa = PBXGroup;
			children = (
				84EFAA7B2242BD1C00652771 /* repositories */,
				84EFAA782242BD0100652771 /* entities */,
				84EFAA712242BCA900652771 /* api */,
				84EFAA5A2242BBDA00652771 /* data.h */,
				84EFAA5B2242BBDA00652771 /* Info.plist */,
			);
			path = data;
			sourceTree = "<group>";
		};
		84EFAA642242BBDA00652771 /* dataTests */ = {
			isa = PBXGroup;
			children = (
				84EFAA652242BBDA00652771 /* dataTests.swift */,
				84EFAA672242BBDA00652771 /* Info.plist */,
			);
			path = dataTests;
			sourceTree = "<group>";
		};
		84EFAA712242BCA900652771 /* api */ = {
			isa = PBXGroup;
			children = (
				84EFAA722242BCC100652771 /* APIClient.swift */,
				84EFAA742242BCD600652771 /* CharactersTarget.swift */,
				84EFAA762242BCE500652771 /* BaseTargetType.swift */,
			);
			path = api;
			sourceTree = "<group>";
		};
		84EFAA782242BD0100652771 /* entities */ = {
			isa = PBXGroup;
			children = (
				84EFAA792242BD0E00652771 /* CharacterAPI.swift */,
			);
			path = entities;
			sourceTree = "<group>";
		};
		84EFAA7B2242BD1C00652771 /* repositories */ = {
			isa = PBXGroup;
			children = (
				84EFAA7C2242BD2500652771 /* CharactersRepository.swift */,
			);
			path = repositories;
			sourceTree = "<group>";
		};
		91BAF96F43CE2093DAA0121D /* Frameworks */ = {
			isa = PBXGroup;
			children = (
				90450E31E701AFEFE9353252 /* Pods_data.framework */,
			);
			name = Frameworks;
			sourceTree = "<group>";
		};
/* End PBXGroup section */

/* Begin PBXHeadersBuildPhase section */
		84EFAA522242BBDA00652771 /* Headers */ = {
			isa = PBXHeadersBuildPhase;
			buildActionMask = 2147483647;
			files = (
				84EFAA682242BBDA00652771 /* data.h in Headers */,
			);
			runOnlyForDeploymentPostprocessing = 0;
		};
/* End PBXHeadersBuildPhase section */

/* Begin PBXNativeTarget section */
		84EFAA562242BBDA00652771 /* data */ = {
			isa = PBXNativeTarget;
			buildConfigurationList = 84EFAA6B2242BBDA00652771 /* Build configuration list for PBXNativeTarget "data" */;
			buildPhases = (
				C3CDBC334FEBA7CD2C737070 /* [CP] Check Pods Manifest.lock */,
				84EFAA522242BBDA00652771 /* Headers */,
				84EFAA532242BBDA00652771 /* Sources */,
				84EFAA542242BBDA00652771 /* Frameworks */,
				84EFAA552242BBDA00652771 /* Resources */,
			);
			buildRules = (
			);
			dependencies = (
			);
			name = data;
			productName = data;
			productReference = 84EFAA572242BBDA00652771 /* data.framework */;
			productType = "com.apple.product-type.framework";
		};
		84EFAA5F2242BBDA00652771 /* dataTests */ = {
			isa = PBXNativeTarget;
			buildConfigurationList = 84EFAA6E2242BBDA00652771 /* Build configuration list for PBXNativeTarget "dataTests" */;
			buildPhases = (
				84EFAA5C2242BBDA00652771 /* Sources */,
				84EFAA5D2242BBDA00652771 /* Frameworks */,
				84EFAA5E2242BBDA00652771 /* Resources */,
			);
			buildRules = (
			);
			dependencies = (
				84EFAA632242BBDA00652771 /* PBXTargetDependency */,
			);
			name = dataTests;
			productName = dataTests;
			productReference = 84EFAA602242BBDA00652771 /* dataTests.xctest */;
			productType = "com.apple.product-type.bundle.unit-test";
		};
/* End PBXNativeTarget section */

/* Begin PBXProject section */
		84EFAA4E2242BBDA00652771 /* Project object */ = {
			isa = PBXProject;
			attributes = {
				LastSwiftUpdateCheck = 1010;
				LastUpgradeCheck = 1010;
				ORGANIZATIONNAME = "Renan Benatti Dias";
				TargetAttributes = {
					84EFAA562242BBDA00652771 = {
						CreatedOnToolsVersion = 10.1;
						LastSwiftMigration = 1010;
					};
					84EFAA5F2242BBDA00652771 = {
						CreatedOnToolsVersion = 10.1;
					};
				};
			};
			buildConfigurationList = 84EFAA512242BBDA00652771 /* Build configuration list for PBXProject "data" */;
			compatibilityVersion = "Xcode 9.3";
			developmentRegion = en;
			hasScannedForEncodings = 0;
			knownRegions = (
				en,
			);
			mainGroup = 84EFAA4D2242BBDA00652771;
			productRefGroup = 84EFAA582242BBDA00652771 /* Products */;
			projectDirPath = "";
			projectRoot = "";
			targets = (
				84EFAA562242BBDA00652771 /* data */,
				84EFAA5F2242BBDA00652771 /* dataTests */,
			);
		};
/* End PBXProject section */

/* Begin PBXResourcesBuildPhase section */
		84EFAA552242BBDA00652771 /* Resources */ = {
			isa = PBXResourcesBuildPhase;
			buildActionMask = 2147483647;
			files = (
			);
			runOnlyForDeploymentPostprocessing = 0;
		};
		84EFAA5E2242BBDA00652771 /* Resources */ = {
			isa = PBXResourcesBuildPhase;
			buildActionMask = 2147483647;
			files = (
			);
			runOnlyForDeploymentPostprocessing = 0;
		};
/* End PBXResourcesBuildPhase section */

/* Begin PBXShellScriptBuildPhase section */
		C3CDBC334FEBA7CD2C737070 /* [CP] Check Pods Manifest.lock */ = {
			isa = PBXShellScriptBuildPhase;
			buildActionMask = 2147483647;
			files = (
			);
			inputFileListPaths = (
			);
			inputPaths = (
				"${PODS_PODFILE_DIR_PATH}/Podfile.lock",
				"${PODS_ROOT}/Manifest.lock",
			);
			name = "[CP] Check Pods Manifest.lock";
			outputFileListPaths = (
			);
			outputPaths = (
				"$(DERIVED_FILE_DIR)/Pods-data-checkManifestLockResult.txt",
			);
			runOnlyForDeploymentPostprocessing = 0;
			shellPath = /bin/sh;
			shellScript = "diff \"${PODS_PODFILE_DIR_PATH}/Podfile.lock\" \"${PODS_ROOT}/Manifest.lock\" > /dev/null\nif [ $? != 0 ] ; then\n    # print error to STDERR\n    echo \"error: The sandbox is not in sync with the Podfile.lock. Run 'pod install' or update your CocoaPods installation.\" >&2\n    exit 1\nfi\n# This output is used by Xcode 'outputs' to avoid re-running this script phase.\necho \"SUCCESS\" > \"${SCRIPT_OUTPUT_FILE_0}\"\n";
			showEnvVarsInLog = 0;
		};
/* End PBXShellScriptBuildPhase section */

/* Begin PBXSourcesBuildPhase section */
		84EFAA532242BBDA00652771 /* Sources */ = {
			isa = PBXSourcesBuildPhase;
			buildActionMask = 2147483647;
			files = (
				84EFAA7A2242BD0E00652771 /* CharacterAPI.swift in Sources */,
				84EFAA7D2242BD2500652771 /* CharactersRepository.swift in Sources */,
				84EFAA752242BCD600652771 /* CharactersTarget.swift in Sources */,
				84EFAA732242BCC100652771 /* APIClient.swift in Sources */,
				84EFAA772242BCE500652771 /* BaseTargetType.swift in Sources */,
			);
			runOnlyForDeploymentPostprocessing = 0;
		};
		84EFAA5C2242BBDA00652771 /* Sources */ = {
			isa = PBXSourcesBuildPhase;
			buildActionMask = 2147483647;
			files = (
				84EFAA662242BBDA00652771 /* dataTests.swift in Sources */,
			);
			runOnlyForDeploymentPostprocessing = 0;
		};
/* End PBXSourcesBuildPhase section */

/* Begin PBXTargetDependency section */
		84EFAA632242BBDA00652771 /* PBXTargetDependency */ = {
			isa = PBXTargetDependency;
			target = 84EFAA562242BBDA00652771 /* data */;
			targetProxy = 84EFAA622242BBDA00652771 /* PBXContainerItemProxy */;
		};
/* End PBXTargetDependency section */

/* Begin XCBuildConfiguration section */
		84EFAA692242BBDA00652771 /* Debug */ = {
			isa = XCBuildConfiguration;
			buildSettings = {
				ALWAYS_SEARCH_USER_PATHS = NO;
				CLANG_ANALYZER_NONNULL = YES;
				CLANG_ANALYZER_NUMBER_OBJECT_CONVERSION = YES_AGGRESSIVE;
				CLANG_CXX_LANGUAGE_STANDARD = "gnu++14";
				CLANG_CXX_LIBRARY = "libc++";
				CLANG_ENABLE_MODULES = YES;
				CLANG_ENABLE_OBJC_ARC = YES;
				CLANG_ENABLE_OBJC_WEAK = YES;
				CLANG_WARN_BLOCK_CAPTURE_AUTORELEASING = YES;
				CLANG_WARN_BOOL_CONVERSION = YES;
				CLANG_WARN_COMMA = YES;
				CLANG_WARN_CONSTANT_CONVERSION = YES;
				CLANG_WARN_DEPRECATED_OBJC_IMPLEMENTATIONS = YES;
				CLANG_WARN_DIRECT_OBJC_ISA_USAGE = YES_ERROR;
				CLANG_WARN_DOCUMENTATION_COMMENTS = YES;
				CLANG_WARN_EMPTY_BODY = YES;
				CLANG_WARN_ENUM_CONVERSION = YES;
				CLANG_WARN_INFINITE_RECURSION = YES;
				CLANG_WARN_INT_CONVERSION = YES;
				CLANG_WARN_NON_LITERAL_NULL_CONVERSION = YES;
				CLANG_WARN_OBJC_IMPLICIT_RETAIN_SELF = YES;
				CLANG_WARN_OBJC_LITERAL_CONVERSION = YES;
				CLANG_WARN_OBJC_ROOT_CLASS = YES_ERROR;
				CLANG_WARN_RANGE_LOOP_ANALYSIS = YES;
				CLANG_WARN_STRICT_PROTOTYPES = YES;
				CLANG_WARN_SUSPICIOUS_MOVE = YES;
				CLANG_WARN_UNGUARDED_AVAILABILITY = YES_AGGRESSIVE;
				CLANG_WARN_UNREACHABLE_CODE = YES;
				CLANG_WARN__DUPLICATE_METHOD_MATCH = YES;
				CODE_SIGN_IDENTITY = "iPhone Developer";
				COPY_PHASE_STRIP = NO;
				CURRENT_PROJECT_VERSION = 1;
				DEBUG_INFORMATION_FORMAT = dwarf;
				ENABLE_STRICT_OBJC_MSGSEND = YES;
				ENABLE_TESTABILITY = YES;
				GCC_C_LANGUAGE_STANDARD = gnu11;
				GCC_DYNAMIC_NO_PIC = NO;
				GCC_NO_COMMON_BLOCKS = YES;
				GCC_OPTIMIZATION_LEVEL = 0;
				GCC_PREPROCESSOR_DEFINITIONS = (
					"DEBUG=1",
					"$(inherited)",
				);
				GCC_WARN_64_TO_32_BIT_CONVERSION = YES;
				GCC_WARN_ABOUT_RETURN_TYPE = YES_ERROR;
				GCC_WARN_UNDECLARED_SELECTOR = YES;
				GCC_WARN_UNINITIALIZED_AUTOS = YES_AGGRESSIVE;
				GCC_WARN_UNUSED_FUNCTION = YES;
				GCC_WARN_UNUSED_VARIABLE = YES;
				IPHONEOS_DEPLOYMENT_TARGET = 12.1;
				MTL_ENABLE_DEBUG_INFO = INCLUDE_SOURCE;
				MTL_FAST_MATH = YES;
				ONLY_ACTIVE_ARCH = YES;
				SDKROOT = iphoneos;
				SWIFT_ACTIVE_COMPILATION_CONDITIONS = DEBUG;
				SWIFT_OPTIMIZATION_LEVEL = "-Onone";
				VERSIONING_SYSTEM = "apple-generic";
				VERSION_INFO_PREFIX = "";
			};
			name = Debug;
		};
		84EFAA6A2242BBDA00652771 /* Release */ = {
			isa = XCBuildConfiguration;
			buildSettings = {
				ALWAYS_SEARCH_USER_PATHS = NO;
				CLANG_ANALYZER_NONNULL = YES;
				CLANG_ANALYZER_NUMBER_OBJECT_CONVERSION = YES_AGGRESSIVE;
				CLANG_CXX_LANGUAGE_STANDARD = "gnu++14";
				CLANG_CXX_LIBRARY = "libc++";
				CLANG_ENABLE_MODULES = YES;
				CLANG_ENABLE_OBJC_ARC = YES;
				CLANG_ENABLE_OBJC_WEAK = YES;
				CLANG_WARN_BLOCK_CAPTURE_AUTORELEASING = YES;
				CLANG_WARN_BOOL_CONVERSION = YES;
				CLANG_WARN_COMMA = YES;
				CLANG_WARN_CONSTANT_CONVERSION = YES;
				CLANG_WARN_DEPRECATED_OBJC_IMPLEMENTATIONS = YES;
				CLANG_WARN_DIRECT_OBJC_ISA_USAGE = YES_ERROR;
				CLANG_WARN_DOCUMENTATION_COMMENTS = YES;
				CLANG_WARN_EMPTY_BODY = YES;
				CLANG_WARN_ENUM_CONVERSION = YES;
				CLANG_WARN_INFINITE_RECURSION = YES;
				CLANG_WARN_INT_CONVERSION = YES;
				CLANG_WARN_NON_LITERAL_NULL_CONVERSION = YES;
				CLANG_WARN_OBJC_IMPLICIT_RETAIN_SELF = YES;
				CLANG_WARN_OBJC_LITERAL_CONVERSION = YES;
				CLANG_WARN_OBJC_ROOT_CLASS = YES_ERROR;
				CLANG_WARN_RANGE_LOOP_ANALYSIS = YES;
				CLANG_WARN_STRICT_PROTOTYPES = YES;
				CLANG_WARN_SUSPICIOUS_MOVE = YES;
				CLANG_WARN_UNGUARDED_AVAILABILITY = YES_AGGRESSIVE;
				CLANG_WARN_UNREACHABLE_CODE = YES;
				CLANG_WARN__DUPLICATE_METHOD_MATCH = YES;
				CODE_SIGN_IDENTITY = "iPhone Developer";
				COPY_PHASE_STRIP = NO;
				CURRENT_PROJECT_VERSION = 1;
				DEBUG_INFORMATION_FORMAT = "dwarf-with-dsym";
				ENABLE_NS_ASSERTIONS = NO;
				ENABLE_STRICT_OBJC_MSGSEND = YES;
				GCC_C_LANGUAGE_STANDARD = gnu11;
				GCC_NO_COMMON_BLOCKS = YES;
				GCC_WARN_64_TO_32_BIT_CONVERSION = YES;
				GCC_WARN_ABOUT_RETURN_TYPE = YES_ERROR;
				GCC_WARN_UNDECLARED_SELECTOR = YES;
				GCC_WARN_UNINITIALIZED_AUTOS = YES_AGGRESSIVE;
				GCC_WARN_UNUSED_FUNCTION = YES;
				GCC_WARN_UNUSED_VARIABLE = YES;
				IPHONEOS_DEPLOYMENT_TARGET = 12.1;
				MTL_ENABLE_DEBUG_INFO = NO;
				MTL_FAST_MATH = YES;
				SDKROOT = iphoneos;
				SWIFT_COMPILATION_MODE = wholemodule;
				SWIFT_OPTIMIZATION_LEVEL = "-O";
				VALIDATE_PRODUCT = YES;
				VERSIONING_SYSTEM = "apple-generic";
				VERSION_INFO_PREFIX = "";
			};
			name = Release;
		};
		84EFAA6C2242BBDA00652771 /* Debug */ = {
			isa = XCBuildConfiguration;
			baseConfigurationReference = DDBD2A8376035398B4358234 /* Pods-data.debug.xcconfig */;
			buildSettings = {
				CLANG_ENABLE_MODULES = YES;
				CODE_SIGN_IDENTITY = "";
				CODE_SIGN_STYLE = Automatic;
				DEFINES_MODULE = YES;
				DEVELOPMENT_TEAM = C5SR9GRPP6;
				DYLIB_COMPATIBILITY_VERSION = 1;
				DYLIB_CURRENT_VERSION = 1;
				DYLIB_INSTALL_NAME_BASE = "@rpath";
				INFOPLIST_FILE = data/Info.plist;
				INSTALL_PATH = "$(LOCAL_LIBRARY_DIR)/Frameworks";
				LD_RUNPATH_SEARCH_PATHS = (
					"$(inherited)",
					"@executable_path/Frameworks",
					"@loader_path/Frameworks",
				);
				PRODUCT_BUNDLE_IDENTIFIER = com.renan.dias.data;
				PRODUCT_NAME = "$(TARGET_NAME:c99extidentifier)";
				SKIP_INSTALL = YES;
				SWIFT_OPTIMIZATION_LEVEL = "-Onone";
				SWIFT_VERSION = 4.2;
				TARGETED_DEVICE_FAMILY = "1,2";
			};
			name = Debug;
		};
		84EFAA6D2242BBDA00652771 /* Release */ = {
			isa = XCBuildConfiguration;
			baseConfigurationReference = 4F23488B20C2B4254C7AAE09 /* Pods-data.release.xcconfig */;
			buildSettings = {
				CLANG_ENABLE_MODULES = YES;
				CODE_SIGN_IDENTITY = "";
				CODE_SIGN_STYLE = Automatic;
				DEFINES_MODULE = YES;
				DEVELOPMENT_TEAM = C5SR9GRPP6;
				DYLIB_COMPATIBILITY_VERSION = 1;
				DYLIB_CURRENT_VERSION = 1;
				DYLIB_INSTALL_NAME_BASE = "@rpath";
				INFOPLIST_FILE = data/Info.plist;
				INSTALL_PATH = "$(LOCAL_LIBRARY_DIR)/Frameworks";
				LD_RUNPATH_SEARCH_PATHS = (
					"$(inherited)",
					"@executable_path/Frameworks",
					"@loader_path/Frameworks",
				);
				PRODUCT_BUNDLE_IDENTIFIER = com.renan.dias.data;
				PRODUCT_NAME = "$(TARGET_NAME:c99extidentifier)";
				SKIP_INSTALL = YES;
				SWIFT_VERSION = 4.2;
				TARGETED_DEVICE_FAMILY = "1,2";
			};
			name = Release;
		};
		84EFAA6F2242BBDA00652771 /* Debug */ = {
			isa = XCBuildConfiguration;
			buildSettings = {
				ALWAYS_EMBED_SWIFT_STANDARD_LIBRARIES = YES;
				CODE_SIGN_STYLE = Automatic;
				DEVELOPMENT_TEAM = C5SR9GRPP6;
				INFOPLIST_FILE = dataTests/Info.plist;
				LD_RUNPATH_SEARCH_PATHS = (
					"$(inherited)",
					"@executable_path/Frameworks",
					"@loader_path/Frameworks",
				);
				PRODUCT_BUNDLE_IDENTIFIER = com.renan.dias.dataTests;
				PRODUCT_NAME = "$(TARGET_NAME)";
				SWIFT_VERSION = 4.2;
				TARGETED_DEVICE_FAMILY = "1,2";
			};
			name = Debug;
		};
		84EFAA702242BBDA00652771 /* Release */ = {
			isa = XCBuildConfiguration;
			buildSettings = {
				ALWAYS_EMBED_SWIFT_STANDARD_LIBRARIES = YES;
				CODE_SIGN_STYLE = Automatic;
				DEVELOPMENT_TEAM = C5SR9GRPP6;
				INFOPLIST_FILE = dataTests/Info.plist;
				LD_RUNPATH_SEARCH_PATHS = (
					"$(inherited)",
					"@executable_path/Frameworks",
					"@loader_path/Frameworks",
				);
				PRODUCT_BUNDLE_IDENTIFIER = com.renan.dias.dataTests;
				PRODUCT_NAME = "$(TARGET_NAME)";
				SWIFT_VERSION = 4.2;
				TARGETED_DEVICE_FAMILY = "1,2";
			};
			name = Release;
		};
/* End XCBuildConfiguration section */

/* Begin XCConfigurationList section */
		84EFAA512242BBDA00652771 /* Build configuration list for PBXProject "data" */ = {
			isa = XCConfigurationList;
			buildConfigurations = (
				84EFAA692242BBDA00652771 /* Debug */,
				84EFAA6A2242BBDA00652771 /* Release */,
			);
			defaultConfigurationIsVisible = 0;
			defaultConfigurationName = Release;
		};
		84EFAA6B2242BBDA00652771 /* Build configuration list for PBXNativeTarget "data" */ = {
			isa = XCConfigurationList;
			buildConfigurations = (
				84EFAA6C2242BBDA00652771 /* Debug */,
				84EFAA6D2242BBDA00652771 /* Release */,
			);
			defaultConfigurationIsVisible = 0;
			defaultConfigurationName = Release;
		};
		84EFAA6E2242BBDA00652771 /* Build configuration list for PBXNativeTarget "dataTests" */ = {
			isa = XCConfigurationList;
			buildConfigurations = (
				84EFAA6F2242BBDA00652771 /* Debug */,
				84EFAA702242BBDA00652771 /* Release */,
			);
			defaultConfigurationIsVisible = 0;
			defaultConfigurationName = Release;
		};
/* End XCConfigurationList section */
	};
	rootObject = 84EFAA4E2242BBDA00652771 /* Project object */;
}
